// !$*UTF8*$!
{
	archiveVersion = 1;
	classes = {
	};
	objectVersion = 46;
	objects = {

/* Begin PBXBuildFile section */
		6C1E8D171999AA6600B17250 /* Roster_Dictionary.plist in Resources */ = {isa = PBXBuildFile; fileRef = 6C1E8D161999AA6600B17250 /* Roster_Dictionary.plist */; };
		6C8903A419A1591E00362B1D /* Teachers_Dictionary.plist in Resources */ = {isa = PBXBuildFile; fileRef = 6C8903A319A1591E00362B1D /* Teachers_Dictionary.plist */; };
		6CC18919199C5800005EDB46 /* DetailViewController.swift in Sources */ = {isa = PBXBuildFile; fileRef = 6CC18918199C5800005EDB46 /* DetailViewController.swift */; };
		6CDC6E3E1996A743004AF08E /* AppDelegate.swift in Sources */ = {isa = PBXBuildFile; fileRef = 6CDC6E3D1996A743004AF08E /* AppDelegate.swift */; };
		6CDC6E401996A743004AF08E /* ViewController.swift in Sources */ = {isa = PBXBuildFile; fileRef = 6CDC6E3F1996A743004AF08E /* ViewController.swift */; };
		6CDC6E431996A743004AF08E /* Main.storyboard in Resources */ = {isa = PBXBuildFile; fileRef = 6CDC6E411996A743004AF08E /* Main.storyboard */; };
		6CDC6E451996A743004AF08E /* Images.xcassets in Resources */ = {isa = PBXBuildFile; fileRef = 6CDC6E441996A743004AF08E /* Images.xcassets */; };
		6CDC6E511996A743004AF08E /* Class_Roster_01Tests.swift in Sources */ = {isa = PBXBuildFile; fileRef = 6CDC6E501996A743004AF08E /* Class_Roster_01Tests.swift */; };
		6CDC6E5D1996A867004AF08E /* Person.swift in Sources */ = {isa = PBXBuildFile; fileRef = 6CDC6E5C1996A867004AF08E /* Person.swift */; };
/* End PBXBuildFile section */

/* Begin PBXContainerItemProxy section */
		6CDC6E4B1996A743004AF08E /* PBXContainerItemProxy */ = {
			isa = PBXContainerItemProxy;
			containerPortal = 6CDC6E301996A742004AF08E /* Project object */;
			proxyType = 1;
			remoteGlobalIDString = 6CDC6E371996A742004AF08E;
			remoteInfo = Class_Roster_01;
		};
/* End PBXContainerItemProxy section */

/* Begin PBXFileReference section */
		6C1E8D161999AA6600B17250 /* Roster_Dictionary.plist */ = {isa = PBXFileReference; fileEncoding = 4; lastKnownFileType = text.plist.xml; path = Roster_Dictionary.plist; sourceTree = "<group>"; };
		6C8903A319A1591E00362B1D /* Teachers_Dictionary.plist */ = {isa = PBXFileReference; fileEncoding = 4; lastKnownFileType = text.plist.xml; path = Teachers_Dictionary.plist; sourceTree = "<group>"; };
		6CC18918199C5800005EDB46 /* DetailViewController.swift */ = {isa = PBXFileReference; fileEncoding = 4; lastKnownFileType = sourcecode.swift; path = DetailViewController.swift; sourceTree = "<group>"; };
		6CDC6E381996A742004AF08E /* Class_Roster_01.app */ = {isa = PBXFileReference; explicitFileType = wrapper.application; includeInIndex = 0; path = Class_Roster_01.app; sourceTree = BUILT_PRODUCTS_DIR; };
		6CDC6E3C1996A743004AF08E /* Info.plist */ = {isa = PBXFileReference; lastKnownFileType = text.plist.xml; path = Info.plist; sourceTree = "<group>"; };
		6CDC6E3D1996A743004AF08E /* AppDelegate.swift */ = {isa = PBXFileReference; lastKnownFileType = sourcecode.swift; path = AppDelegate.swift; sourceTree = "<group>"; };
		6CDC6E3F1996A743004AF08E /* ViewController.swift */ = {isa = PBXFileReference; lastKnownFileType = sourcecode.swift; path = ViewController.swift; sourceTree = "<group>"; };
		6CDC6E421996A743004AF08E /* Base */ = {isa = PBXFileReference; lastKnownFileType = file.storyboard; name = Base; path = Base.lproj/Main.storyboard; sourceTree = "<group>"; };
		6CDC6E441996A743004AF08E /* Images.xcassets */ = {isa = PBXFileReference; lastKnownFileType = folder.assetcatalog; path = Images.xcassets; sourceTree = "<group>"; };
		6CDC6E4A1996A743004AF08E /* Class_Roster_01Tests.xctest */ = {isa = PBXFileReference; explicitFileType = wrapper.cfbundle; includeInIndex = 0; path = Class_Roster_01Tests.xctest; sourceTree = BUILT_PRODUCTS_DIR; };
		6CDC6E4F1996A743004AF08E /* Info.plist */ = {isa = PBXFileReference; lastKnownFileType = text.plist.xml; path = Info.plist; sourceTree = "<group>"; };
		6CDC6E501996A743004AF08E /* Class_Roster_01Tests.swift */ = {isa = PBXFileReference; lastKnownFileType = sourcecode.swift; path = Class_Roster_01Tests.swift; sourceTree = "<group>"; };
		6CDC6E5C1996A867004AF08E /* Person.swift */ = {isa = PBXFileReference; fileEncoding = 4; lastKnownFileType = sourcecode.swift; path = Person.swift; sourceTree = "<group>"; };
/* End PBXFileReference section */

/* Begin PBXFrameworksBuildPhase section */
		6CDC6E351996A742004AF08E /* Frameworks */ = {
			isa = PBXFrameworksBuildPhase;
			buildActionMask = 2147483647;
			files = (
			);
			runOnlyForDeploymentPostprocessing = 0;
		};
		6CDC6E471996A743004AF08E /* Frameworks */ = {
			isa = PBXFrameworksBuildPhase;
			buildActionMask = 2147483647;
			files = (
			);
			runOnlyForDeploymentPostprocessing = 0;
		};
/* End PBXFrameworksBuildPhase section */

/* Begin PBXGroup section */
		6CDC6E2F1996A742004AF08E = {
			isa = PBXGroup;
			children = (
				6CDC6E3A1996A742004AF08E /* Class_Roster_01 */,
				6CDC6E4D1996A743004AF08E /* Class_Roster_01Tests */,
				6CDC6E391996A742004AF08E /* Products */,
			);
			sourceTree = "<group>";
		};
		6CDC6E391996A742004AF08E /* Products */ = {
			isa = PBXGroup;
			children = (
				6CDC6E381996A742004AF08E /* Class_Roster_01.app */,
				6CDC6E4A1996A743004AF08E /* Class_Roster_01Tests.xctest */,
			);
			name = Products;
			sourceTree = "<group>";
		};
		6CDC6E3A1996A742004AF08E /* Class_Roster_01 */ = {
			isa = PBXGroup;
			children = (
				6CDC6E5C1996A867004AF08E /* Person.swift */,
				6CDC6E3D1996A743004AF08E /* AppDelegate.swift */,
				6CDC6E3F1996A743004AF08E /* ViewController.swift */,
				6CC18918199C5800005EDB46 /* DetailViewController.swift */,
				6CDC6E411996A743004AF08E /* Main.storyboard */,
				6CDC6E441996A743004AF08E /* Images.xcassets */,
				6CDC6E3B1996A743004AF08E /* Supporting Files */,
			);
			path = Class_Roster_01;
			sourceTree = "<group>";
		};
		6CDC6E3B1996A743004AF08E /* Supporting Files */ = {
			isa = PBXGroup;
			children = (
				6CDC6E3C1996A743004AF08E /* Info.plist */,
				6C1E8D161999AA6600B17250 /* Roster_Dictionary.plist */,
				6C8903A319A1591E00362B1D /* Teachers_Dictionary.plist */,
			);
			name = "Supporting Files";
			sourceTree = "<group>";
		};
		6CDC6E4D1996A743004AF08E /* Class_Roster_01Tests */ = {
			isa = PBXGroup;
			children = (
				6CDC6E501996A743004AF08E /* Class_Roster_01Tests.swift */,
				6CDC6E4E1996A743004AF08E /* Supporting Files */,
			);
			path = Class_Roster_01Tests;
			sourceTree = "<group>";
		};
		6CDC6E4E1996A743004AF08E /* Supporting Files */ = {
			isa = PBXGroup;
			children = (
				6CDC6E4F1996A743004AF08E /* Info.plist */,
			);
			name = "Supporting Files";
			sourceTree = "<group>";
		};
/* End PBXGroup section */

/* Begin PBXNativeTarget section */
		6CDC6E371996A742004AF08E /* Class_Roster_01 */ = {
			isa = PBXNativeTarget;
			buildConfigurationList = 6CDC6E541996A743004AF08E /* Build configuration list for PBXNativeTarget "Class_Roster_01" */;
			buildPhases = (
				6CDC6E341996A742004AF08E /* Sources */,
				6CDC6E351996A742004AF08E /* Frameworks */,
				6CDC6E361996A742004AF08E /* Resources */,
			);
			buildRules = (
			);
			dependencies = (
			);
			name = Class_Roster_01;
			productName = Class_Roster_01;
			productReference = 6CDC6E381996A742004AF08E /* Class_Roster_01.app */;
			productType = "com.apple.product-type.application";
		};
		6CDC6E491996A743004AF08E /* Class_Roster_01Tests */ = {
			isa = PBXNativeTarget;
			buildConfigurationList = 6CDC6E571996A743004AF08E /* Build configuration list for PBXNativeTarget "Class_Roster_01Tests" */;
			buildPhases = (
				6CDC6E461996A743004AF08E /* Sources */,
				6CDC6E471996A743004AF08E /* Frameworks */,
				6CDC6E481996A743004AF08E /* Resources */,
			);
			buildRules = (
			);
			dependencies = (
				6CDC6E4C1996A743004AF08E /* PBXTargetDependency */,
			);
			name = Class_Roster_01Tests;
			productName = Class_Roster_01Tests;
			productReference = 6CDC6E4A1996A743004AF08E /* Class_Roster_01Tests.xctest */;
			productType = "com.apple.product-type.bundle.unit-test";
		};
/* End PBXNativeTarget section */

/* Begin PBXProject section */
		6CDC6E301996A742004AF08E /* Project object */ = {
			isa = PBXProject;
			attributes = {
				LastUpgradeCheck = 0600;
				ORGANIZATIONNAME = Zack_Walkingstick;
				TargetAttributes = {
					6CDC6E371996A742004AF08E = {
						CreatedOnToolsVersion = 6.0;
					};
					6CDC6E491996A743004AF08E = {
						CreatedOnToolsVersion = 6.0;
						TestTargetID = 6CDC6E371996A742004AF08E;
					};
				};
			};
			buildConfigurationList = 6CDC6E331996A742004AF08E /* Build configuration list for PBXProject "Class_Roster_01" */;
			compatibilityVersion = "Xcode 3.2";
			developmentRegion = English;
			hasScannedForEncodings = 0;
			knownRegions = (
				en,
				Base,
			);
			mainGroup = 6CDC6E2F1996A742004AF08E;
			productRefGroup = 6CDC6E391996A742004AF08E /* Products */;
			projectDirPath = "";
			projectRoot = "";
			targets = (
				6CDC6E371996A742004AF08E /* Class_Roster_01 */,
				6CDC6E491996A743004AF08E /* Class_Roster_01Tests */,
			);
		};
/* End PBXProject section */

/* Begin PBXResourcesBuildPhase section */
		6CDC6E361996A742004AF08E /* Resources */ = {
			isa = PBXResourcesBuildPhase;
			buildActionMask = 2147483647;
			files = (
				6CDC6E431996A743004AF08E /* Main.storyboard in Resources */,
				6C1E8D171999AA6600B17250 /* Roster_Dictionary.plist in Resources */,
				6CDC6E451996A743004AF08E /* Images.xcassets in Resources */,
				6C8903A419A1591E00362B1D /* Teachers_Dictionary.plist in Resources */,
			);
			runOnlyForDeploymentPostprocessing = 0;
		};
		6CDC6E481996A743004AF08E /* Resources */ = {
			isa = PBXResourcesBuildPhase;
			buildActionMask = 2147483647;
			files = (
			);
			runOnlyForDeploymentPostprocessing = 0;
		};
/* End PBXResourcesBuildPhase section */

/* Begin PBXSourcesBuildPhase section */
		6CDC6E341996A742004AF08E /* Sources */ = {
			isa = PBXSourcesBuildPhase;
			buildActionMask = 2147483647;
			files = (
				6CDC6E5D1996A867004AF08E /* Person.swift in Sources */,
				6CDC6E401996A743004AF08E /* ViewController.swift in Sources */,
				6CDC6E3E1996A743004AF08E /* AppDelegate.swift in Sources */,
				6CC18919199C5800005EDB46 /* DetailViewController.swift in Sources */,
			);
			runOnlyForDeploymentPostprocessing = 0;
		};
		6CDC6E461996A743004AF08E /* Sources */ = {
			isa = PBXSourcesBuildPhase;
			buildActionMask = 2147483647;
			files = (
				6CDC6E511996A743004AF08E /* Class_Roster_01Tests.swift in Sources */,
			);
			runOnlyForDeploymentPostprocessing = 0;
		};
/* End PBXSourcesBuildPhase section */

/* Begin PBXTargetDependency section */
		6CDC6E4C1996A743004AF08E /* PBXTargetDependency */ = {
			isa = PBXTargetDependency;
			target = 6CDC6E371996A742004AF08E /* Class_Roster_01 */;
			targetProxy = 6CDC6E4B1996A743004AF08E /* PBXContainerItemProxy */;
		};
/* End PBXTargetDependency section */

/* Begin PBXVariantGroup section */
		6CDC6E411996A743004AF08E /* Main.storyboard */ = {
			isa = PBXVariantGroup;
			children = (
				6CDC6E421996A743004AF08E /* Base */,
			);
			name = Main.storyboard;
			sourceTree = "<group>";
		};
/* End PBXVariantGroup section */

/* Begin XCBuildConfiguration section */
		6CDC6E521996A743004AF08E /* Debug */ = {
			isa = XCBuildConfiguration;
			buildSettings = {
				ALWAYS_SEARCH_USER_PATHS = NO;
				CLANG_CXX_LANGUAGE_STANDARD = "gnu++0x";
				CLANG_CXX_LIBRARY = "libc++";
				CLANG_ENABLE_MODULES = YES;
				CLANG_ENABLE_OBJC_ARC = YES;
				CLANG_WARN_BOOL_CONVERSION = YES;
				CLANG_WARN_CONSTANT_CONVERSION = YES;
				CLANG_WARN_DIRECT_OBJC_ISA_USAGE = YES_ERROR;
				CLANG_WARN_EMPTY_BODY = YES;
				CLANG_WARN_ENUM_CONVERSION = YES;
				CLANG_WARN_INT_CONVERSION = YES;
				CLANG_WARN_OBJC_ROOT_CLASS = YES_ERROR;
				CLANG_WARN_UNREACHABLE_CODE = YES;
				CLANG_WARN__DUPLICATE_METHOD_MATCH = YES;
				"CODE_SIGN_IDENTITY[sdk=iphoneos*]" = "iPhone Developer";
				COPY_PHASE_STRIP = NO;
				ENABLE_STRICT_OBJC_MSGSEND = YES;
				GCC_C_LANGUAGE_STANDARD = gnu99;
				GCC_DYNAMIC_NO_PIC = NO;
				GCC_OPTIMIZATION_LEVEL = 0;
				GCC_PREPROCESSOR_DEFINITIONS = (
					"DEBUG=1",
					"$(inherited)",
				);
				GCC_SYMBOLS_PRIVATE_EXTERN = NO;
				GCC_WARN_64_TO_32_BIT_CONVERSION = YES;
				GCC_WARN_ABOUT_RETURN_TYPE = YES_ERROR;
				GCC_WARN_UNDECLARED_SELECTOR = YES;
				GCC_WARN_UNINITIALIZED_AUTOS = YES_AGGRESSIVE;
				GCC_WARN_UNUSED_FUNCTION = YES;
				GCC_WARN_UNUSED_VARIABLE = YES;
				IPHONEOS_DEPLOYMENT_TARGET = 8.0;
				MTL_ENABLE_DEBUG_INFO = YES;
				ONLY_ACTIVE_ARCH = YES;
				SDKROOT = iphoneos;
				SWIFT_OPTIMIZATION_LEVEL = "-Onone";
			};
			name = Debug;
		};
		6CDC6E531996A743004AF08E /* Release */ = {
			isa = XCBuildConfiguration;
			buildSettings = {
				ALWAYS_SEARCH_USER_PATHS = NO;
				CLANG_CXX_LANGUAGE_STANDARD = "gnu++0x";
				CLANG_CXX_LIBRARY = "libc++";
				CLANG_ENABLE_MODULES = YES;
				CLANG_ENABLE_OBJC_ARC = YES;
				CLANG_WARN_BOOL_CONVERSION = YES;
				CLANG_WARN_CONSTANT_CONVERSION = YES;
				CLANG_WARN_DIRECT_OBJC_ISA_USAGE = YES_ERROR;
				CLANG_WARN_EMPTY_BODY = YES;
				CLANG_WARN_ENUM_CONVERSION = YES;
				CLANG_WARN_INT_CONVERSION = YES;
				CLANG_WARN_OBJC_ROOT_CLASS = YES_ERROR;
				CLANG_WARN_UNREACHABLE_CODE = YES;
				CLANG_WARN__DUPLICATE_METHOD_MATCH = YES;
				"CODE_SIGN_IDENTITY[sdk=iphoneos*]" = "iPhone Developer";
				COPY_PHASE_STRIP = YES;
				ENABLE_NS_ASSERTIONS = NO;
				ENABLE_STRICT_OBJC_MSGSEND = YES;
				GCC_C_LANGUAGE_STANDARD = gnu99;
				GCC_WARN_64_TO_32_BIT_CONVERSION = YES;
				GCC_WARN_ABOUT_RETURN_TYPE = YES_ERROR;
				GCC_WARN_UNDECLARED_SELECTOR = YES;
				GCC_WARN_UNINITIALIZED_AUTOS = YES_AGGRESSIVE;
				GCC_WARN_UNUSED_FUNCTION = YES;
				GCC_WARN_UNUSED_VARIABLE = YES;
				IPHONEOS_DEPLOYMENT_TARGET = 8.0;
				MTL_ENABLE_DEBUG_INFO = NO;
				SDKROOT = iphoneos;
				VALIDATE_PRODUCT = YES;
			};
			name = Release;
		};
		6CDC6E551996A743004AF08E /* Debug */ = {
			isa = XCBuildConfiguration;
			buildSettings = {
				ASSETCATALOG_COMPILER_APPICON_NAME = AppIcon;
				ASSETCATALOG_COMPILER_LAUNCHIMAGE_NAME = LaunchImage;
				INFOPLIST_FILE = Class_Roster_01/Info.plist;
				IPHONEOS_DEPLOYMENT_TARGET = 7.0;
				LD_RUNPATH_SEARCH_PATHS = "$(inherited) @executable_path/Frameworks";
				PRODUCT_NAME = "$(TARGET_NAME)";
			};
			name = Debug;
		};
		6CDC6E561996A743004AF08E /* Release */ = {
			isa = XCBuildConfiguration;
			buildSettings = {
				ASSETCATALOG_COMPILER_APPICON_NAME = AppIcon;
				ASSETCATALOG_COMPILER_LAUNCHIMAGE_NAME = LaunchImage;
				INFOPLIST_FILE = Class_Roster_01/Info.plist;
				IPHONEOS_DEPLOYMENT_TARGET = 7.0;
				LD_RUNPATH_SEARCH_PATHS = "$(inherited) @executable_path/Frameworks";
				PRODUCT_NAME = "$(TARGET_NAME)";
			};
			name = Release;
		};
		6CDC6E581996A743004AF08E /* Debug */ = {
			isa = XCBuildConfiguration;
			buildSettings = {
				BUNDLE_LOADER = "$(TEST_HOST)";
				FRAMEWORK_SEARCH_PATHS = (
					"$(SDKROOT)/Developer/Library/Frameworks",
					"$(inherited)",
				);
				GCC_PREPROCESSOR_DEFINITIONS = (
					"DEBUG=1",
					"$(inherited)",
				);
				INFOPLIST_FILE = Class_Roster_01Tests/Info.plist;
				LD_RUNPATH_SEARCH_PATHS = "$(inherited) @executable_path/Frameworks @loader_path/Frameworks";
				PRODUCT_NAME = "$(TARGET_NAME)";
				TEST_HOST = "$(BUILT_PRODUCTS_DIR)/Class_Roster_01.app/Class_Roster_01";
			};
			name = Debug;
		};
		6CDC6E591996A743004AF08E /* Release */ = {
			isa = XCBuildConfiguration;
			buildSettings = {
				BUNDLE_LOADER = "$(TEST_HOST)";
				FRAMEWORK_SEARCH_PATHS = (
					"$(SDKROOT)/Developer/Library/Frameworks",
					"$(inherited)",
				);
				INFOPLIST_FILE = Class_Roster_01Tests/Info.plist;
				LD_RUNPATH_SEARCH_PATHS = "$(inherited) @executable_path/Frameworks @loader_path/Frameworks";
				PRODUCT_NAME = "$(TARGET_NAME)";
				TEST_HOST = "$(BUILT_PRODUCTS_DIR)/Class_Roster_01.app/Class_Roster_01";
			};
			name = Release;
		};
/* End XCBuildConfiguration section */

/* Begin XCConfigurationList section */
		6CDC6E331996A742004AF08E /* Build configuration list for PBXProject "Class_Roster_01" */ = {
			isa = XCConfigurationList;
			buildConfigurations = (
				6CDC6E521996A743004AF08E /* Debug */,
				6CDC6E531996A743004AF08E /* Release */,
			);
			defaultConfigurationIsVisible = 0;
			defaultConfigurationName = Release;
		};
		6CDC6E541996A743004AF08E /* Build configuration list for PBXNativeTarget "Class_Roster_01" */ = {
			isa = XCConfigurationList;
			buildConfigurations = (
				6CDC6E551996A743004AF08E /* Debug */,
				6CDC6E561996A743004AF08E /* Release */,
			);
			defaultConfigurationIsVisible = 0;
			defaultConfigurationName = Release;
		};
		6CDC6E571996A743004AF08E /* Build configuration list for PBXNativeTarget "Class_Roster_01Tests" */ = {
			isa = XCConfigurationList;
			buildConfigurations = (
				6CDC6E581996A743004AF08E /* Debug */,
				6CDC6E591996A743004AF08E /* Release */,
			);
			defaultConfigurationIsVisible = 0;
			defaultConfigurationName = Release;
		};
/* End XCConfigurationList section */
	};
	rootObject = 6CDC6E301996A742004AF08E /* Project object */;
}
